DEPENDENCIES
  acpi_wakeup
    path: embedded_cookbooks/acpi_wakeup
  adb
    path: embedded_cookbooks/adb
  android-sdk
    git: https://github.com/gildegoma/chef-android-sdk
    revision: 9bf11bb53ae6c6c7476b855bb86f7482173bb9a0
  ant
    git: https://github.com/opscode-cookbooks/ant.git
    revision: 69b809c64e2d66a7bfe8226d50fe30a17a00f427
  apt
    git: https://github.com/opscode-cookbooks/apt.git
    revision: f9171b77e7d4f19afeeb3b8c32667cc6b0568ddb
  ark
    git: https://github.com/opscode-cookbooks/ark.git
    revision: 1f7c092ffe80073409bce7fa851346fb076a259f
  audacity
    path: embedded_cookbooks/audacity
  bash_config
    path: embedded_cookbooks/bash_config
  build-essential
    git: https://github.com/opscode-cookbooks/build-essential.git
    revision: b4785e95223867eec6cd2b6a87d22818bd5453fb
  bup_wrapper
    path: embedded_cookbooks/bup_wrapper
  canonical_partners_repo
    path: embedded_cookbooks/canonical_partners_repo
  chef_gem
    git: https://github.com/hw-cookbooks/chef_gem.git
    revision: 8ba9733f9214cd4328a16dc2caed3768b30f3f66
  chrome
    path: embedded_cookbooks/chrome
  composer
    git: git://github.com/Morphodo/chef-composer.git
    revision: 92aee6313fc47dfd51b45c176b7efe41c767c57d
  config
    path: embedded_cookbooks/config
  database
    git: https://github.com/opscode-cookbooks/database.git
    revision: 6e3c78e223c5e3c544bc7b8f418b90b3283f3711
  ddclient
    git: https://github.com/freewrite-cookbooks/ddclient.git
    revision: 31e38b4c9d0ec57c342131e802663b35fb5bdd5a
  device-mapper
    git: https://github.com/bflad/chef-device-mapper.git
    revision: 2ff19d6b8d0b9ebae6b579db6d82b8921fd3c59c
  docker-compose
    git: https://github.com/tdg5-cookbooks/chef-docker-compose.git
    revision: e97cc64342aef58031c044294a727e1bc16de102
  docker_service
    git: https://github.com/tdg5-cookbooks/docker_service.git
    revision: 7e508c1a11cdd4f8506887dc68dd3566d90fbbbb
  dropbox
    path: embedded_cookbooks/dropbox
  exuberant-ctags
    path: embedded_cookbooks/exuberant-ctags
  filesystem_layout
    path: embedded_cookbooks/filesystem_layout
  fonts
    path: embedded_cookbooks/fonts
  gimp
    path: embedded_cookbooks/gimp
  gitk
    path: embedded_cookbooks/gitk
  gnome
    path: embedded_cookbooks/gnome
  gnome_setting
    git: https://github.com/tdg5-cookbooks/gnome_setting.git
    revision: 31c33adc56e7cdac67f2759931aab2a381c3e235
  golang
    git: https://github.com/NOX73/chef-golang
    revision: 890daa10f8295f88c04fbf0c863e50a05cfa3ebb
  grub
    path: embedded_cookbooks/grub
  grunt
    path: embedded_cookbooks/grunt
  handbrake
    path: embedded_cookbooks/handbrake
  heroku_toolbelt
    path: embedded_cookbooks/heroku_toolbelt
  hipchat
    path: embedded_cookbooks/hipchat
  hostsfile
    git: https://github.com/customink-webops/hostsfile.git
    revision: 495fd80ba7a3c306abe8c2585f6ec25bd937fc81
  htop
    path: embedded_cookbooks/htop
  ievms
    path: embedded_cookbooks/ievms
  iftop
    path: embedded_cookbooks/iftop
  image_tools
    path: embedded_cookbooks/image_tools
  iotop
    path: embedded_cookbooks/iotop
  iptables
    git: https://github.com/opscode-cookbooks/iptables.git
    revision: 305cca575980ca8b9fd15ff158c5d1e1ae21b508
  java
    git: https://github.com/agileorbit-cookbooks/java.git
    revision: c98c525e910231400b02e7e7e9b60da0d775533a
  jsonlint
    path: embedded_cookbooks/jsonlint
  lastpass
    path: embedded_cookbooks/lastpass
  lib
    git: https://github.com/freewrite-cookbooks/lib.git
    revision: 17646e5a54c255e96d20dc77bb64a200966951be
  liquidprompt
    path: embedded_cookbooks/liquidprompt
  modprobe
    path: embedded_cookbooks/modprobe
  modules
    git: git@github.com:tdg5/modules-cookbook.git
    revision: 6ade16b78376ce84a0aad5c41858ef7d1879220e
    branch: ubuntu-debian-fixes
  mysql
    git: https://github.com/opscode-cookbooks/mysql.git
    revision: b1c9c3064c9889795b8868f0f1a3cc2425371f58
  nodejs
    git: https://github.com/redguide/nodejs.git
    revision: 2f05db5d9278e7d491e5ffb7147226cf3538ac63
  openssh
    git: https://github.com/opscode-cookbooks/openssh.git
    revision: 6dd460c265111cd7f0d24f9c636a3510ce08d10d
  openssl
    git: https://github.com/opscode-cookbooks/openssl.git
    revision: b75ab471185f108a2fadc5c43efb7e2ef057ab30
  packer
    git: https://github.com/tdg5/chef-packer
    revision: de02761f560b8ad8777e5fd681edb66077feaa27
  pidgin
    path: embedded_cookbooks/pidgin
  pm-utils
    path: embedded_cookbooks/pm-utils
  postgresql
    git: https://github.com/freewrite-cookbooks/postgresql.git
    revision: ae2f73f9d0b9749a584185a7f4b39826035825cd
  powertop
    path: embedded_cookbooks/powertop
  qt
    path: embedded_cookbooks/qt
  redis
    path: embedded_cookbooks/redis
  ruboto
    path: embedded_cookbooks/ruboto
  rvm
    git: https://github.com/martinisoft/chef-rvm.git
    revision: eddd733694a1d3e0872f5692e8dda93aa2752791
  scripts
    path: embedded_cookbooks/scripts
  skype
    path: embedded_cookbooks/skype
  spotify
    path: embedded_cookbooks/spotify
  thunar
    path: embedded_cookbooks/thunar
  tmux_plugins
    path: embedded_cookbooks/tmux_plugins
  tmux_wrapper
    git: https://github.com/tdg5-cookbooks/tmux_wrapper.git
    revision: 54e18b6868d89440091bfc15d19547215e0853ad
  tmuxinator
    path: embedded_cookbooks/tmuxinator
  tree
    path: embedded_cookbooks/tree
  vagrant
    git: https://github.com/tdg5/vagrant-cookbook.git
    revision: 4ba49989ee14a72c8128e5f9447f9469090a78e6
  vgaswitcheroo
    path: embedded_cookbooks/vgaswitcheroo
  vim
    git: https://github.com/opscode-cookbooks/vim.git
    revision: 858a24f745d3f7e13daca5ba918861d31401e0bf
  vim-gnome
    path: embedded_cookbooks/vim-gnome
  vim_plugins
    path: embedded_cookbooks/vim_plugins
  virtualbox
    path: embedded_cookbooks/virtualbox
  wmctrl
    path: embedded_cookbooks/wmctrl
  xclip
    path: embedded_cookbooks/xclip

GRAPH
  acpi_wakeup (0.0.1)
  adb (0.0.1)
    apt (>= 0.0.0)
  android-sdk (0.2.0)
    ark (>= 0.0.0)
    java (>= 0.0.0)
    maven (>= 0.0.0)
  ant (1.0.3)
    ark (>= 0.0.0)
    java (>= 0.0.0)
  apt (2.6.0)
  ark (0.9.1)
    build-essential (>= 0.0.0)
  audacity (0.0.1)
    apt (>= 0.0.0)
  aws (2.5.0)
  bash_config (0.0.1)
  build-essential (2.1.3)
  bup_wrapper (0.0.1)
    hostsfile (>= 0.0.0)
  canonical_partners_repo (0.0.1)
    apt (>= 0.0.0)
  chef-sugar (2.4.1)
  chef_gem (0.1.0)
  chef_handler (1.1.6)
  chrome (0.0.1)
    wmctrl (>= 0.0.0)
  compat_resource (12.9.1)
  composer (0.2.1)
  config (0.0.1)
  database (2.3.0)
    aws (>= 0.0.0)
    mysql (>= 5.0.0)
    mysql-chef_gem (>= 0.0.0)
    postgresql (>= 1.0.0)
    xfs (>= 0.0.0)
  ddclient (0.0.1)
  device-mapper (0.1.0)
    apt (>= 0.0.0)
    modules (>= 0.0.0)
  dmg (2.2.2)
  docker (2.6.8)
    compat_resource (>= 12.9.0)
  docker-compose (0.0.2)
    docker (>= 0.0.0)
    poise-python (>= 0.0.0)
  docker_service (0.0.1)
    docker (~> 2.0)
  dropbox (0.0.1)
    apt (>= 0.0.0)
  exuberant-ctags (0.0.1)
    apt (>= 0.0.0)
  filesystem_layout (0.0.1)
  fonts (0.0.1)
    dropbox (>= 0.0.0)
    filesystem_layout (>= 0.0.0)
  gimp (0.0.1)
    apt (>= 0.0.0)
  gitk (0.0.1)
    apt (>= 0.0.0)
  gnome (0.0.1)
    gnome_setting (>= 0.0.0)
    vim-gnome (>= 0.0.0)
  gnome_setting (0.0.1)
  golang (1.7.0)
  grub (0.0.1)
  grunt (0.0.1)
    nodejs (>= 0.0.0)
  handbrake (0.0.1)
    apt (>= 0.0.0)
  heroku_toolbelt (0.0.1)
    apt (>= 0.0.0)
  hipchat (0.0.1)
    apt (>= 0.0.0)
  homebrew (1.9.2)
  hostsfile (2.4.5)
  htop (0.0.1)
    apt (>= 0.0.0)
  ievms (0.0.1)
    apt (>= 0.0.0)
  iftop (0.0.1)
    apt (>= 0.0.0)
  image_tools (0.0.1)
    apt (>= 0.0.0)
  iotop (0.0.1)
    apt (>= 0.0.0)
  iptables (2.2.0)
  java (1.39.0)
    apt (>= 0.0.0)
  jsonlint (0.0.1)
    nodejs (>= 0.0.0)
  lastpass (0.0.1)
  lib (0.0.1)
  liquidprompt (0.0.1)
  maven (1.2.0)
    ark (~> 0.4)
    java (~> 1.13)
  modprobe (0.0.1)
  modules (0.2.0)
  mysql (5.6.1)
    yum-mysql-community (>= 0.0.0)
  mysql-chef_gem (0.0.5)
    build-essential (>= 0.0.0)
    mysql (>= 0.0.0)
  nodejs (2.4.5)
    apt (>= 0.0.0)
    ark (>= 0.0.0)
    build-essential (>= 0.0.0)
    homebrew (>= 0.0.0)
    yum-epel (>= 0.0.0)
  openssh (2.0.0)
    iptables (>= 1.0.0)
  openssl (2.0.1)
    chef-sugar (>= 0.0.0)
  packer (0.3.0)
    ark (>= 0.4.0)
  pidgin (0.0.1)
    apt (>= 0.0.0)
  pm-utils (0.0.1)
  poise (2.7.0)
  poise-archive (1.1.2)
    poise (~> 2.6)
  poise-languages (1.4.0)
    poise (~> 2.5)
    poise-archive (~> 1.0)
  poise-python (1.2.1)
    poise (~> 2.0)
    poise-languages (~> 1.2)
  postgresql (1.0.0)
    apt (>= 0.0.0)
    lib (>= 0.0.0)
  powertop (0.0.1)
    apt (>= 0.0.0)
  qt (0.0.1)
    apt (>= 0.0.0)
  redis (0.0.1)
    apt (>= 0.0.0)
  ruboto (0.0.1)
    rvm (>= 0.0.0)
  rvm (0.10.1)
    chef_gem (>= 0.0.0)
    java (>= 0.0.0)
  scripts (0.0.1)
    chrome (>= 0.0.0)
  skype (0.0.1)
    apt (>= 0.0.0)
    canonical_partners_repo (>= 0.0.0)
  spotify (0.0.1)
    apt (>= 0.0.0)
  thunar (0.0.1)
    apt (>= 0.0.0)
  tmux (1.5.0)
  tmux_plugins (0.0.1)
  tmux_wrapper (0.0.1)
    tmux (>= 0.0.0)
  tmuxinator (0.0.1)
    rvm (>= 0.0.0)
  tree (0.0.1)
    apt (>= 0.0.0)
  vagrant (0.2.0)
    dmg (>= 0.0.0)
    windows (>= 0.0.0)
  vgaswitcheroo (0.0.1)
  vim (1.1.3)
  vim-gnome (0.0.1)
    apt (>= 0.0.0)
  vim_plugins (0.0.1)
    exuberant-ctags (>= 0.0.0)
  virtualbox (0.0.1)
    apt (>= 0.0.0)
  windows (1.34.8)
    chef_handler (>= 0.0.0)
  wmctrl (0.0.1)
    apt (>= 0.0.0)
  xclip (0.0.1)
    apt (>= 0.0.0)
  xfs (1.1.0)
  yum (3.10.0)
  yum-epel (0.5.3)
    yum (~> 3.0)
  yum-mysql-community (0.1.10)
    yum (>= 3.0)
