DEPENDENCIES
  acpi_wakeup
    path: embedded_cookbooks/acpi_wakeup
  adb
    path: embedded_cookbooks/adb
  apt
    git: https://github.com/opscode-cookbooks/apt.git
    revision: eabf84d7769b7c323e76f56f85436612bfde9eb0
  ark
    git: https://github.com/opscode-cookbooks/ark.git
    revision: 32d49784228cf3c25ef229679762e8ecd0c4f4c4
  audacity
    path: embedded_cookbooks/audacity
  bash_config
    path: embedded_cookbooks/bash_config
  build-essential
    git: https://github.com/opscode-cookbooks/build-essential.git
    revision: fb4d6d693152e691cedcbd01f5497dbe2e19fa0d
  canonical_partners_repo
    path: embedded_cookbooks/canonical_partners_repo
  chef-golang
    git: https://github.com/NOX73/chef-golang
    revision: 3667f9d8158e7429c65a96612ac566adb2c918b7
  chef-packer
    git: https://github.com/tdg5-cookbooks/chef-packer
    revision: 7a9b4feafea813c60c7604658badf77251686bcf
  chef_gem
    git: https://github.com/hw-cookbooks/chef_gem.git
    revision: 8ba9733f9214cd4328a16dc2caed3768b30f3f66
  chrome
    path: embedded_cookbooks/chrome
  composer
    git: git://github.com/Morphodo/chef-composer.git
    revision: 92aee6313fc47dfd51b45c176b7efe41c767c57d
  config
    path: embedded_cookbooks/config
  curl
    path: embedded_cookbooks/curl
  database
    git: https://github.com/opscode-cookbooks/database.git
    revision: 41cc5a3f4617f431c623e1d67c8d6bafb1e104e8
  ddclient
    git: https://github.com/tdg5-cookbooks/ddclient.git
    revision: 31e38b4c9d0ec57c342131e802663b35fb5bdd5a
  device-mapper
    git: https://github.com/bflad/chef-device-mapper.git
    revision: 2ff19d6b8d0b9ebae6b579db6d82b8921fd3c59c
  docker_service
    git: https://github.com/tdg5-cookbooks/docker_service.git
    revision: 7f4518d57f7932b0db0f71a002af2a1ca3a86f3e
  dropbox
    path: embedded_cookbooks/dropbox
  exuberant-ctags
    path: embedded_cookbooks/exuberant-ctags
  filesystem_layout
    path: embedded_cookbooks/filesystem_layout
  fonts
    path: embedded_cookbooks/fonts
  gimp
    path: embedded_cookbooks/gimp
  gitk
    path: embedded_cookbooks/gitk
  gnome
    path: embedded_cookbooks/gnome
  gnome_setting
    git: https://github.com/tdg5-cookbooks/gnome_setting.git
    revision: 31c33adc56e7cdac67f2759931aab2a381c3e235
  grub
    path: embedded_cookbooks/grub
  handbrake
    path: embedded_cookbooks/handbrake
  heroku_toolbelt
    path: embedded_cookbooks/heroku_toolbelt
  hipchat
    path: embedded_cookbooks/hipchat
  hostsfile
    git: https://github.com/customink-webops/hostsfile.git
    revision: 71ed85e0da701378e2f3f791881ca5e832b73f08
  htop
    path: embedded_cookbooks/htop
  ievms
    path: embedded_cookbooks/ievms
  iftop
    path: embedded_cookbooks/iftop
  image_tools
    path: embedded_cookbooks/image_tools
  iotop
    path: embedded_cookbooks/iotop
  iptables
    git: https://github.com/opscode-cookbooks/iptables.git
    revision: fa4da02d1eaca74c81b3ed25caebe8a949b4457c
  java
    git: https://github.com/tdg5-cookbooks/java.git
    revision: b846f7233d4f1dac83a3a6500e89c3bd25eb4d1c
  jsonlint
    path: embedded_cookbooks/jsonlint
  leiningen
    git: https://github.com/tdg5-cookbooks/chef-leiningen.git
    revision: b1aaa46c5505004bf9be5b89ee4fcabe4990ca21
  lib
    git: https://github.com/tdg5-cookbooks/lib.git
    revision: 17646e5a54c255e96d20dc77bb64a200966951be
  liquidprompt
    path: embedded_cookbooks/liquidprompt
  modprobe
    path: embedded_cookbooks/modprobe
  modules
    git: git@github.com:tdg5/modules-cookbook.git
    revision: 6ade16b78376ce84a0aad5c41858ef7d1879220e
    branch: ubuntu-debian-fixes
  mysql
    git: https://github.com/opscode-cookbooks/mysql.git
    revision: e03d2f065e981bdf09ac41e05123332e6ba56b24
  nodejs
    git: https://github.com/redguide/nodejs.git
    revision: 3f3cb4776ad391c14ff165d527876f4a3cc27552
  openssh
    git: https://github.com/opscode-cookbooks/openssh.git
    revision: 86f210f785189422e9ef644b3f1015e84e31df2e
  openssl
    git: https://github.com/opscode-cookbooks/openssl.git
    revision: 75620d8d722fe98abd5b8860e90781db87f52125
  oracle_java
    path: embedded_cookbooks/oracle_java
  pidgin
    path: embedded_cookbooks/pidgin
  pm-utils
    path: embedded_cookbooks/pm-utils
  postgresql
    git: https://github.com/tdg5-cookbooks/postgresql.git
    revision: 820f981b3fd8d716c27ea766834e9107e3f1c17d
  powertop
    path: embedded_cookbooks/powertop
  qt
    path: embedded_cookbooks/qt
  redis
    path: embedded_cookbooks/redis
  ruby
    path: embedded_cookbooks/ruby
  skype
    path: embedded_cookbooks/skype
  spotify
    path: embedded_cookbooks/spotify
  tmux_plugins
    path: embedded_cookbooks/tmux_plugins
  tmux_wrapper
    git: https://github.com/tdg5-cookbooks/tmux_wrapper.git
    revision: db2ba3b21089b851d40c4988e0fe7d761e11bd4a
  tree
    path: embedded_cookbooks/tree
  vagrant
    git: https://github.com/tdg5/vagrant-cookbook.git
    revision: 4ba49989ee14a72c8128e5f9447f9469090a78e6
  vgaswitcheroo
    path: embedded_cookbooks/vgaswitcheroo
  vim
    git: https://github.com/opscode-cookbooks/vim.git
    revision: c56df1ae316061789260cfdb3d6b1332253a8c70
  vim-gnome
    path: embedded_cookbooks/vim-gnome
  vim_plugins
    path: embedded_cookbooks/vim_plugins
  virtualbox
    path: embedded_cookbooks/virtualbox
  wmctrl
    path: embedded_cookbooks/wmctrl
  xsel
    path: embedded_cookbooks/xsel

GRAPH
  acpi_wakeup (0.0.1)
  adb (0.0.1)
    apt (>= 0.0.0)
  apt (7.1.1)
  ark (4.0.0)
    build-essential (>= 0.0.0)
    seven_zip (>= 0.0.0)
  audacity (0.0.1)
    apt (>= 0.0.0)
  bash_config (0.0.1)
  build-essential (8.2.1)
    mingw (>= 1.1)
    seven_zip (>= 0.0.0)
  canonical_partners_repo (0.0.1)
    apt (>= 0.0.0)
  chef-apt-docker (2.0.6)
  chef-golang (3.0.1)
  chef-packer (1.0.0)
    ark (>= 0.4.0)
  chef_gem (0.1.0)
  chrome (0.0.1)
    wmctrl (>= 0.0.0)
  composer (0.2.1)
  config (0.0.1)
  curl (0.0.1)
    apt (>= 0.0.0)
  database (6.1.1)
    postgresql (>= 1.0.0)
  ddclient (0.0.1)
  device-mapper (0.1.0)
    apt (>= 0.0.0)
    modules (>= 0.0.0)
  docker (4.4.1)
  docker_service (0.1.1)
    chef-apt-docker (~> 2.0)
    docker (~> 4.4.0)
  dropbox (0.0.1)
    apt (>= 0.0.0)
  exuberant-ctags (0.0.1)
    apt (>= 0.0.0)
  filesystem_layout (0.0.1)
  fonts (0.0.1)
    dropbox (>= 0.0.0)
    filesystem_layout (>= 0.0.0)
  gimp (0.0.1)
    apt (>= 0.0.0)
  gitk (0.0.1)
    apt (>= 0.0.0)
  gnome (0.0.1)
    gnome_setting (>= 0.0.0)
    vim-gnome (>= 0.0.0)
  gnome_setting (0.0.1)
  grub (0.0.1)
  handbrake (0.0.1)
    apt (>= 0.0.0)
  heroku_toolbelt (0.0.1)
    apt (>= 0.0.0)
  hipchat (0.0.1)
    apt (>= 0.0.0)
  homebrew (5.0.8)
  hostsfile (3.0.1)
  htop (0.0.1)
    apt (>= 0.0.0)
  ievms (0.0.1)
    apt (>= 0.0.0)
  iftop (0.0.1)
    apt (>= 0.0.0)
  image_tools (0.0.1)
    apt (>= 0.0.0)
  iotop (0.0.1)
    apt (>= 0.0.0)
  iptables (4.5.0)
  java (2.1.0)
    homebrew (>= 0.0.0)
    windows (>= 0.0.0)
  jsonlint (0.0.1)
    nodejs (>= 0.0.0)
  leiningen (0.1.0)
  lib (0.0.1)
  liquidprompt (0.0.1)
  mingw (2.1.0)
    seven_zip (>= 0.0.0)
  modprobe (0.0.1)
  modules (0.2.0)
  mysql (8.5.2)
  nodejs (6.0.0)
    ark (>= 2.0.2)
    build-essential (>= 5.0)
  openssh (2.7.1)
    iptables (>= 1.0)
  openssl (8.5.5)
  oracle_java (0.0.1)
    apt (>= 0.0.0)
  pidgin (0.0.1)
    apt (>= 0.0.0)
  pm-utils (0.0.1)
  postgresql (2.0.0)
    apt (>= 0.0.0)
    lib (>= 0.0.0)
  powertop (0.0.1)
    apt (>= 0.0.0)
  qt (0.0.1)
    apt (>= 0.0.0)
  redis (0.0.1)
    apt (>= 0.0.0)
  ruby (0.0.1)
    apt (>= 0.0.0)
  seven_zip (3.1.0)
    windows (>= 0.0.0)
  skype (0.0.1)
    apt (>= 0.0.0)
    canonical_partners_repo (>= 0.0.0)
  spotify (0.0.1)
    apt (>= 0.0.0)
  tmux (1.5.0)
  tmux_plugins (0.0.1)
  tmux_wrapper (0.1.0)
    tmux (>= 0.0.0)
  tree (0.0.1)
    apt (>= 0.0.0)
  vagrant (0.2.0)
  vgaswitcheroo (0.0.1)
  vim (2.0.2)
  vim-gnome (0.0.1)
    apt (>= 0.0.0)
  vim_plugins (0.0.1)
    exuberant-ctags (>= 0.0.0)
  virtualbox (0.0.1)
    apt (>= 0.0.0)
  windows (5.2.2)
  wmctrl (0.0.1)
    apt (>= 0.0.0)
  xsel (0.0.1)
    apt (>= 0.0.0)
