DEPENDENCIES
  acpi_wakeup
    path: local_cookbooks/acpi_wakeup
  adb
    path: local_cookbooks/adb
  android-sdk
    git: https://github.com/gildegoma/chef-android-sdk
    revision: 9bf11bb53ae6c6c7476b855bb86f7482173bb9a0
  ant
    git: https://github.com/opscode-cookbooks/ant.git
    revision: 69b809c64e2d66a7bfe8226d50fe30a17a00f427
  apt
    git: https://github.com/opscode-cookbooks/apt.git
    revision: f9171b77e7d4f19afeeb3b8c32667cc6b0568ddb
  ark
    git: https://github.com/opscode-cookbooks/ark.git
    revision: 1f7c092ffe80073409bce7fa851346fb076a259f
  audacity
    path: local_cookbooks/audacity
  bash_config
    path: local_cookbooks/bash_config
  build-essential
    git: https://github.com/opscode-cookbooks/build-essential.git
    revision: b4785e95223867eec6cd2b6a87d22818bd5453fb
  bup_wrapper
    path: local_cookbooks/bup_wrapper
  canonical_partners_repo
    path: local_cookbooks/canonical_partners_repo
  chef_gem
    git: https://github.com/hw-cookbooks/chef_gem.git
    revision: 8ba9733f9214cd4328a16dc2caed3768b30f3f66
  chrome
    path: local_cookbooks/chrome
  config
    path: local_cookbooks/config
  database
    git: https://github.com/opscode-cookbooks/database.git
    revision: 6e3c78e223c5e3c544bc7b8f418b90b3283f3711
  ddclient
    git: https://github.com/freewrite-cookbooks/ddclient.git
    revision: 31e38b4c9d0ec57c342131e802663b35fb5bdd5a
  device-mapper
    git: https://github.com/bflad/chef-device-mapper.git
    revision: 2ff19d6b8d0b9ebae6b579db6d82b8921fd3c59c
  docker
    git: https://github.com/bflad/chef-docker.git
    revision: ccaaaee6d8311fb04e5b9a1d3ad96943f5436bd4
  dropbox
    path: local_cookbooks/dropbox
  exuberant-ctags
    path: local_cookbooks/exuberant-ctags
  filesystem_layout
    path: local_cookbooks/filesystem_layout
  fonts
    path: local_cookbooks/fonts
  gimp
    path: local_cookbooks/gimp
  gitk
    path: local_cookbooks/gitk
  gnome
    path: local_cookbooks/gnome
  gnome_setting
    git: https://github.com/tdg5-cookbooks/gnome_setting.git
    revision: 31c33adc56e7cdac67f2759931aab2a381c3e235
  grub
    path: local_cookbooks/grub
  grunt
    path: local_cookbooks/grunt
  handbrake
    path: local_cookbooks/handbrake
  hipchat
    path: local_cookbooks/hipchat
  hostsfile
    git: https://github.com/customink-webops/hostsfile.git
    revision: 495fd80ba7a3c306abe8c2585f6ec25bd937fc81
  htop
    path: local_cookbooks/htop
  ievms
    path: local_cookbooks/ievms
  iftop
    path: local_cookbooks/iftop
  iotop
    path: local_cookbooks/iotop
  iptables
    git: https://github.com/opscode-cookbooks/iptables.git
    revision: 98d7c4826c449fdcddd0bb1ad04b066386ffbf2b
  java
    git: https://github.com/tdg5/chef_java.git
    revision: 510486cc2e0ac62f0efaf29c41838e8f27c93791
  jsonlint
    path: local_cookbooks/jsonlint
  lastpass
    path: local_cookbooks/lastpass
  lib
    git: https://github.com/freewrite-cookbooks/lib.git
    revision: 17646e5a54c255e96d20dc77bb64a200966951be
  modprobe
    path: local_cookbooks/modprobe
  modules
    git: git@github.com:tdg5/modules-cookbook.git
    revision: 6ade16b78376ce84a0aad5c41858ef7d1879220e
    branch: ubuntu-debian-fixes
  mysql
    git: https://github.com/opscode-cookbooks/mysql.git
    revision: b1c9c3064c9889795b8868f0f1a3cc2425371f58
  nodejs
    git: https://github.com/redguide/nodejs.git
    revision: 97e0d8591ae02d38bcad761df9322db16b53252d
  openssh
    git: https://github.com/opscode-cookbooks/openssh.git
    revision: 1a87fb85b7f8f0b19a6ffeef4dd47ecdb5668749
  openssl
    git: https://github.com/opscode-cookbooks/openssl.git
    revision: b75ab471185f108a2fadc5c43efb7e2ef057ab30
  packer
    git: https://github.com/tdg5/chef-packer
    revision: f70611caee20727a6b279a30a4988d8c42ab7c21
  pidgin
    path: local_cookbooks/pidgin
  pm-utils
    path: local_cookbooks/pm-utils
  postgresql
    git: https://github.com/freewrite-cookbooks/postgresql.git
    revision: ae2f73f9d0b9749a584185a7f4b39826035825cd
  powertop
    path: local_cookbooks/powertop
  qt
    path: local_cookbooks/qt
  redis
    path: local_cookbooks/redis
  ruboto
    path: local_cookbooks/ruboto
  rvm
    git: https://github.com/fnichol/chef-rvm.git
    revision: 8a877e9b497f8fb06dfe6f5975561331b3924243
  screenlets
    path: local_cookbooks/screenlets
  scripts
    path: local_cookbooks/scripts
  skype
    path: local_cookbooks/skype
  spotify
    path: local_cookbooks/spotify
  tmux
    git: https://github.com/stevendanna/tmux
    revision: 5276662aba27849540ed556b4a6f855648046229
  tmux_plugins
    path: local_cookbooks/tmux_plugins
  tmux_wrapper
    path: local_cookbooks/tmux_wrapper
  tmuxinator
    path: local_cookbooks/tmuxinator
  tree
    path: local_cookbooks/tree
  vagrant
    git: https://github.com/tdg5/vagrant-cookbook.git
    revision: 4ba49989ee14a72c8128e5f9447f9469090a78e6
  vgaswitcheroo
    path: local_cookbooks/vgaswitcheroo
  vim
    git: https://github.com/opscode-cookbooks/vim.git
    revision: 858a24f745d3f7e13daca5ba918861d31401e0bf
  vim-gnome
    path: local_cookbooks/vim-gnome
  vim_plugins
    path: local_cookbooks/vim_plugins
  virtualbox
    path: local_cookbooks/virtualbox
  wmctrl
    path: local_cookbooks/wmctrl
  xclip
    path: local_cookbooks/xclip

GRAPH
  acpi_wakeup (0.0.1)
  adb (0.0.1)
    apt (>= 0.0.0)
  android-sdk (0.2.0)
    ark (>= 0.0.0)
    java (>= 0.0.0)
    maven (>= 0.0.0)
  ant (1.0.3)
    ark (>= 0.0.0)
    java (>= 0.0.0)
  apt (2.6.0)
  ark (0.9.1)
    build-essential (>= 0.0.0)
  audacity (0.0.1)
    apt (>= 0.0.0)
  aufs (0.1.1)
    apt (>= 0.0.0)
    modules (>= 0.0.0)
  aws (2.5.0)
  bash_config (0.0.1)
  build-essential (2.1.3)
  bup_wrapper (0.0.1)
    hostsfile (>= 0.0.0)
  canonical_partners_repo (0.0.1)
    apt (>= 0.0.0)
  chef-sugar (2.4.1)
  chef_gem (0.1.0)
  chef_handler (1.1.6)
  chrome (0.0.1)
    wmctrl (>= 0.0.0)
  config (0.0.1)
  database (2.3.0)
    aws (>= 0.0.0)
    mysql (>= 5.0.0)
    mysql-chef_gem (>= 0.0.0)
    postgresql (>= 1.0.0)
    xfs (>= 0.0.0)
  ddclient (0.0.1)
  device-mapper (0.1.0)
    apt (>= 0.0.0)
    modules (>= 0.0.0)
  dmg (2.2.2)
  docker (0.36.0)
    apt (>= 0.0.0)
    aufs (>= 0.1.1)
    device-mapper (>= 0.1.0)
    git (>= 0.0.0)
    golang (>= 0.0.0)
    homebrew (>= 0.0.0)
    iptables (>= 0.0.0)
    lxc (>= 1.1.6)
    modules (>= 0.0.0)
    runit (>= 0.0.0)
    sysctl (>= 0.0.0)
    yum-epel (>= 0.0.0)
  dpkg_autostart (0.1.12)
  dropbox (0.0.1)
    apt (>= 0.0.0)
  exuberant-ctags (0.0.1)
    apt (>= 0.0.0)
  filesystem_layout (0.0.1)
  fonts (0.0.1)
    dropbox (>= 0.0.0)
    filesystem_layout (>= 0.0.0)
  gimp (0.0.1)
    apt (>= 0.0.0)
  git (4.0.2)
    build-essential (>= 0.0.0)
    dmg (>= 0.0.0)
    runit (>= 1.0.0)
    windows (>= 0.0.0)
    yum (~> 3.0)
    yum-epel (>= 0.0.0)
  gitk (0.0.1)
    apt (>= 0.0.0)
  gnome (0.0.1)
    gnome_setting (>= 0.0.0)
    vim-gnome (>= 0.0.0)
  gnome_setting (0.0.1)
  golang (1.5.0)
  grub (0.0.1)
  grunt (0.0.1)
    nodejs (>= 0.0.0)
  handbrake (0.0.1)
    apt (>= 0.0.0)
  hipchat (0.0.1)
    apt (>= 0.0.0)
  homebrew (1.9.2)
  hostsfile (2.4.5)
  htop (0.0.1)
    apt (>= 0.0.0)
  ievms (0.0.1)
    apt (>= 0.0.0)
  iftop (0.0.1)
    apt (>= 0.0.0)
  iotop (0.0.1)
    apt (>= 0.0.0)
  iptables (0.14.0)
  iptables-ng (2.2.2)
  java (1.17.5)
  jsonlint (0.0.1)
    nodejs (>= 0.0.0)
  lastpass (0.0.1)
  lib (0.0.1)
  lxc (2.0.0)
    dpkg_autostart (>= 0.1.10)
    iptables-ng (>= 0.0.0)
    polipo (>= 0.0.0)
  maven (1.2.0)
    ark (~> 0.4)
    java (~> 1.13)
  modprobe (0.0.1)
  modules (0.2.0)
  mysql (5.6.1)
    yum-mysql-community (>= 0.0.0)
  mysql-chef_gem (0.0.5)
    build-essential (>= 0.0.0)
    mysql (>= 0.0.0)
  nodejs (2.2.1)
    apt (>= 0.0.0)
    ark (>= 0.0.0)
    build-essential (>= 0.0.0)
    yum-epel (>= 0.0.0)
  ohai (2.0.1)
  openssh (1.3.5)
    iptables (>= 0.0.0)
  openssl (2.0.1)
    chef-sugar (>= 0.0.0)
  packer (0.3.0)
    ark (>= 0.4.0)
  pidgin (0.0.1)
    apt (>= 0.0.0)
  pm-utils (0.0.1)
  polipo (0.1.0)
  postgresql (1.0.0)
    apt (>= 0.0.0)
    lib (>= 0.0.0)
  powertop (0.0.1)
    apt (>= 0.0.0)
  qt (0.0.1)
    apt (>= 0.0.0)
  redis (0.0.1)
    apt (>= 0.0.0)
  ruboto (0.0.1)
    rvm (>= 0.0.0)
  runit (1.5.10)
    build-essential (>= 0.0.0)
    yum (~> 3.0)
    yum-epel (>= 0.0.0)
  rvm (0.10.1)
    chef_gem (>= 0.0.0)
    java (>= 0.0.0)
  screenlets (0.0.1)
    apt (>= 0.0.0)
  scripts (0.0.1)
    chrome (>= 0.0.0)
  skype (0.0.1)
    apt (>= 0.0.0)
    canonical_partners_repo (>= 0.0.0)
  spotify (0.0.1)
    apt (>= 0.0.0)
  sysctl (0.6.0)
    ohai (>= 0.0.0)
  tmux (1.4.1)
  tmux_plugins (0.0.1)
  tmux_wrapper (0.0.1)
    tmux (>= 0.0.0)
  tmuxinator (0.0.1)
    rvm (>= 0.0.0)
  tree (0.0.1)
    apt (>= 0.0.0)
  vagrant (0.2.0)
    dmg (>= 0.0.0)
    windows (>= 0.0.0)
  vgaswitcheroo (0.0.1)
  vim (1.1.3)
  vim-gnome (0.0.1)
    apt (>= 0.0.0)
  vim_plugins (0.0.1)
    exuberant-ctags (>= 0.0.0)
  virtualbox (0.0.1)
    apt (>= 0.0.0)
  windows (1.34.8)
    chef_handler (>= 0.0.0)
  wmctrl (0.0.1)
    apt (>= 0.0.0)
  xclip (0.0.1)
    apt (>= 0.0.0)
  xfs (1.1.0)
  yum (3.5.1)
  yum-epel (0.5.3)
    yum (~> 3.0)
  yum-mysql-community (0.1.10)
    yum (>= 3.0)
